// !$*UTF8*$!
{
	archiveVersion = 1;
	classes = {
	};
	objectVersion = 56;
	objects = {

/* Begin PBXBuildFile section */
		9D3866CA94CA4FB52E12316F /* Pods_JrAkademiGameProject.framework in Frameworks */ = {isa = PBXBuildFile; fileRef = 8C6D41B42F4019647A11F02B /* Pods_JrAkademiGameProject.framework */; };
		C92C81422A2539B60049C164 /* GameTableViewCell.swift in Sources */ = {isa = PBXBuildFile; fileRef = C92C81412A2539B60049C164 /* GameTableViewCell.swift */; };
		C939F9302A24E1AF00B4ED2B /* GamesModel.swift in Sources */ = {isa = PBXBuildFile; fileRef = C939F92F2A24E1AF00B4ED2B /* GamesModel.swift */; };
		C939F9322A24E1C400B4ED2B /* GamesViewModel.swift in Sources */ = {isa = PBXBuildFile; fileRef = C939F9312A24E1C400B4ED2B /* GamesViewModel.swift */; };
		C939F9342A24E1ED00B4ED2B /* GamesVC.swift in Sources */ = {isa = PBXBuildFile; fileRef = C939F9332A24E1ED00B4ED2B /* GamesVC.swift */; };
		C95742762A2E24FE002119A2 /* CustomAdapter.swift in Sources */ = {isa = PBXBuildFile; fileRef = C95742752A2E24FE002119A2 /* CustomAdapter.swift */; };
		C95742782A2F5F92002119A2 /* NoGameCell.swift in Sources */ = {isa = PBXBuildFile; fileRef = C95742772A2F5F92002119A2 /* NoGameCell.swift */; };
		C984209D2A24CAA300D8C324 /* AppDelegate.swift in Sources */ = {isa = PBXBuildFile; fileRef = C984209C2A24CAA300D8C324 /* AppDelegate.swift */; };
		C984209F2A24CAA300D8C324 /* SceneDelegate.swift in Sources */ = {isa = PBXBuildFile; fileRef = C984209E2A24CAA300D8C324 /* SceneDelegate.swift */; };
		C98420A12A24CAA300D8C324 /* ViewController.swift in Sources */ = {isa = PBXBuildFile; fileRef = C98420A02A24CAA300D8C324 /* ViewController.swift */; };
		C98420A42A24CAA300D8C324 /* Main.storyboard in Resources */ = {isa = PBXBuildFile; fileRef = C98420A22A24CAA300D8C324 /* Main.storyboard */; };
		C98420A72A24CAA300D8C324 /* JrAkademiGameProject.xcdatamodeld in Sources */ = {isa = PBXBuildFile; fileRef = C98420A52A24CAA300D8C324 /* JrAkademiGameProject.xcdatamodeld */; };
		C98420A92A24CAA400D8C324 /* Assets.xcassets in Resources */ = {isa = PBXBuildFile; fileRef = C98420A82A24CAA400D8C324 /* Assets.xcassets */; };
		C98420AC2A24CAA400D8C324 /* LaunchScreen.storyboard in Resources */ = {isa = PBXBuildFile; fileRef = C98420AA2A24CAA400D8C324 /* LaunchScreen.storyboard */; };
		C99BF8292A28BEF200D061E4 /* NetworkManager.swift in Sources */ = {isa = PBXBuildFile; fileRef = C99BF8282A28BEF200D061E4 /* NetworkManager.swift */; };
		C9B8A3A52A2A6D4300C89F79 /* LoadingCell.swift in Sources */ = {isa = PBXBuildFile; fileRef = C9B8A3A42A2A6D4300C89F79 /* LoadingCell.swift */; };
		C9FA53192A2FCC1B0026374A /* GameDetailsVC.swift in Sources */ = {isa = PBXBuildFile; fileRef = C9FA53182A2FCC1B0026374A /* GameDetailsVC.swift */; };
		C9FA531B2A2FCC9F0026374A /* GameDetailsViewModel.swift in Sources */ = {isa = PBXBuildFile; fileRef = C9FA531A2A2FCC9F0026374A /* GameDetailsViewModel.swift */; };
		C9FA531D2A2FCCC70026374A /* GameDetailsModal.swift in Sources */ = {isa = PBXBuildFile; fileRef = C9FA531C2A2FCCC70026374A /* GameDetailsModal.swift */; };
		C9FA53202A2FDCDC0026374A /* ImageWithTitleComponent.swift in Sources */ = {isa = PBXBuildFile; fileRef = C9FA531F2A2FDCDC0026374A /* ImageWithTitleComponent.swift */; };
		C9FA53222A2FDD300026374A /* DescriptionComponent.swift in Sources */ = {isa = PBXBuildFile; fileRef = C9FA53212A2FDD300026374A /* DescriptionComponent.swift */; };
		C9FA53242A2FDD3D0026374A /* OpenUrlComponent.swift in Sources */ = {isa = PBXBuildFile; fileRef = C9FA53232A2FDD3D0026374A /* OpenUrlComponent.swift */; };
		C9FA53262A2FE2910026374A /* CoreData.framework in Frameworks */ = {isa = PBXBuildFile; fileRef = C9FA53252A2FE2910026374A /* CoreData.framework */; };
/* End PBXBuildFile section */

/* Begin PBXFileReference section */
		84A58B956DF3E751EA1C06C0 /* Pods-JrAkademiGameProject.release.xcconfig */ = {isa = PBXFileReference; includeInIndex = 1; lastKnownFileType = text.xcconfig; name = "Pods-JrAkademiGameProject.release.xcconfig"; path = "Target Support Files/Pods-JrAkademiGameProject/Pods-JrAkademiGameProject.release.xcconfig"; sourceTree = "<group>"; };
		8C6D41B42F4019647A11F02B /* Pods_JrAkademiGameProject.framework */ = {isa = PBXFileReference; explicitFileType = wrapper.framework; includeInIndex = 0; path = Pods_JrAkademiGameProject.framework; sourceTree = BUILT_PRODUCTS_DIR; };
		B59F0DC3D13E3E7EEDD49FDD /* Pods-JrAkademiGameProject.debug.xcconfig */ = {isa = PBXFileReference; includeInIndex = 1; lastKnownFileType = text.xcconfig; name = "Pods-JrAkademiGameProject.debug.xcconfig"; path = "Target Support Files/Pods-JrAkademiGameProject/Pods-JrAkademiGameProject.debug.xcconfig"; sourceTree = "<group>"; };
		C92C81412A2539B60049C164 /* GameTableViewCell.swift */ = {isa = PBXFileReference; lastKnownFileType = sourcecode.swift; path = GameTableViewCell.swift; sourceTree = "<group>"; };
		C939F92F2A24E1AF00B4ED2B /* GamesModel.swift */ = {isa = PBXFileReference; lastKnownFileType = sourcecode.swift; path = GamesModel.swift; sourceTree = "<group>"; };
		C939F9312A24E1C400B4ED2B /* GamesViewModel.swift */ = {isa = PBXFileReference; lastKnownFileType = sourcecode.swift; path = GamesViewModel.swift; sourceTree = "<group>"; };
		C939F9332A24E1ED00B4ED2B /* GamesVC.swift */ = {isa = PBXFileReference; lastKnownFileType = sourcecode.swift; path = GamesVC.swift; sourceTree = "<group>"; };
		C95742752A2E24FE002119A2 /* CustomAdapter.swift */ = {isa = PBXFileReference; lastKnownFileType = sourcecode.swift; path = CustomAdapter.swift; sourceTree = "<group>"; };
		C95742772A2F5F92002119A2 /* NoGameCell.swift */ = {isa = PBXFileReference; lastKnownFileType = sourcecode.swift; path = NoGameCell.swift; sourceTree = "<group>"; };
		C98420992A24CAA300D8C324 /* JrAkademiGameProject.app */ = {isa = PBXFileReference; explicitFileType = wrapper.application; includeInIndex = 0; path = JrAkademiGameProject.app; sourceTree = BUILT_PRODUCTS_DIR; };
		C984209C2A24CAA300D8C324 /* AppDelegate.swift */ = {isa = PBXFileReference; lastKnownFileType = sourcecode.swift; path = AppDelegate.swift; sourceTree = "<group>"; };
		C984209E2A24CAA300D8C324 /* SceneDelegate.swift */ = {isa = PBXFileReference; lastKnownFileType = sourcecode.swift; path = SceneDelegate.swift; sourceTree = "<group>"; };
		C98420A02A24CAA300D8C324 /* ViewController.swift */ = {isa = PBXFileReference; lastKnownFileType = sourcecode.swift; path = ViewController.swift; sourceTree = "<group>"; };
		C98420A32A24CAA300D8C324 /* Base */ = {isa = PBXFileReference; lastKnownFileType = file.storyboard; name = Base; path = Base.lproj/Main.storyboard; sourceTree = "<group>"; };
		C98420A62A24CAA300D8C324 /* JrAkademiGameProject.xcdatamodel */ = {isa = PBXFileReference; lastKnownFileType = wrapper.xcdatamodel; path = JrAkademiGameProject.xcdatamodel; sourceTree = "<group>"; };
		C98420A82A24CAA400D8C324 /* Assets.xcassets */ = {isa = PBXFileReference; lastKnownFileType = folder.assetcatalog; path = Assets.xcassets; sourceTree = "<group>"; };
		C98420AB2A24CAA400D8C324 /* Base */ = {isa = PBXFileReference; lastKnownFileType = file.storyboard; name = Base; path = Base.lproj/LaunchScreen.storyboard; sourceTree = "<group>"; };
		C98420AD2A24CAA400D8C324 /* Info.plist */ = {isa = PBXFileReference; lastKnownFileType = text.plist.xml; path = Info.plist; sourceTree = "<group>"; };
		C99BF8282A28BEF200D061E4 /* NetworkManager.swift */ = {isa = PBXFileReference; lastKnownFileType = sourcecode.swift; path = NetworkManager.swift; sourceTree = "<group>"; };
		C9B8A3A42A2A6D4300C89F79 /* LoadingCell.swift */ = {isa = PBXFileReference; lastKnownFileType = sourcecode.swift; path = LoadingCell.swift; sourceTree = "<group>"; };
		C9FA53182A2FCC1B0026374A /* GameDetailsVC.swift */ = {isa = PBXFileReference; lastKnownFileType = sourcecode.swift; path = GameDetailsVC.swift; sourceTree = "<group>"; };
		C9FA531A2A2FCC9F0026374A /* GameDetailsViewModel.swift */ = {isa = PBXFileReference; lastKnownFileType = sourcecode.swift; path = GameDetailsViewModel.swift; sourceTree = "<group>"; };
		C9FA531C2A2FCCC70026374A /* GameDetailsModal.swift */ = {isa = PBXFileReference; lastKnownFileType = sourcecode.swift; path = GameDetailsModal.swift; sourceTree = "<group>"; };
		C9FA531F2A2FDCDC0026374A /* ImageWithTitleComponent.swift */ = {isa = PBXFileReference; lastKnownFileType = sourcecode.swift; path = ImageWithTitleComponent.swift; sourceTree = "<group>"; };
		C9FA53212A2FDD300026374A /* DescriptionComponent.swift */ = {isa = PBXFileReference; lastKnownFileType = sourcecode.swift; path = DescriptionComponent.swift; sourceTree = "<group>"; };
		C9FA53232A2FDD3D0026374A /* OpenUrlComponent.swift */ = {isa = PBXFileReference; lastKnownFileType = sourcecode.swift; path = OpenUrlComponent.swift; sourceTree = "<group>"; };
		C9FA53252A2FE2910026374A /* CoreData.framework */ = {isa = PBXFileReference; lastKnownFileType = wrapper.framework; name = CoreData.framework; path = System/Library/Frameworks/CoreData.framework; sourceTree = SDKROOT; };
/* End PBXFileReference section */

/* Begin PBXFrameworksBuildPhase section */
		C98420962A24CAA300D8C324 /* Frameworks */ = {
			isa = PBXFrameworksBuildPhase;
			buildActionMask = 2147483647;
			files = (
				9D3866CA94CA4FB52E12316F /* Pods_JrAkademiGameProject.framework in Frameworks */,
				C9FA53262A2FE2910026374A /* CoreData.framework in Frameworks */,
			);
			runOnlyForDeploymentPostprocessing = 0;
		};
/* End PBXFrameworksBuildPhase section */

/* Begin PBXGroup section */
		2D3246AC23C47F12EB2CE8EA /* Pods */ = {
			isa = PBXGroup;
			children = (
				B59F0DC3D13E3E7EEDD49FDD /* Pods-JrAkademiGameProject.debug.xcconfig */,
				84A58B956DF3E751EA1C06C0 /* Pods-JrAkademiGameProject.release.xcconfig */,
			);
			path = Pods;
			sourceTree = "<group>";
		};
		55751257477CB7D9922E9F57 /* Frameworks */ = {
			isa = PBXGroup;
			children = (
				C9FA53252A2FE2910026374A /* CoreData.framework */,
				8C6D41B42F4019647A11F02B /* Pods_JrAkademiGameProject.framework */,
			);
			name = Frameworks;
			sourceTree = "<group>";
		};
		C922E19B2A263D5300650260 /* UIComponents */ = {
			isa = PBXGroup;
			children = (
				C9FA531E2A2FDCC30026374A /* DetailsView */,
				C92C81402A2539A60049C164 /* Cell */,
			);
			path = UIComponents;
			sourceTree = "<group>";
		};
		C922E19C2A263D5E00650260 /* Screens */ = {
			isa = PBXGroup;
			children = (
				C9FA53172A2FC8CF0026374A /* GameDetails */,
				C939F92E2A24E19100B4ED2B /* Games */,
			);
			path = Screens;
			sourceTree = "<group>";
		};
		C92C81402A2539A60049C164 /* Cell */ = {
			isa = PBXGroup;
			children = (
				C92C81412A2539B60049C164 /* GameTableViewCell.swift */,
				C9B8A3A42A2A6D4300C89F79 /* LoadingCell.swift */,
				C95742772A2F5F92002119A2 /* NoGameCell.swift */,
			);
			path = Cell;
			sourceTree = "<group>";
		};
		C939F92E2A24E19100B4ED2B /* Games */ = {
			isa = PBXGroup;
			children = (
				C939F92F2A24E1AF00B4ED2B /* GamesModel.swift */,
				C939F9312A24E1C400B4ED2B /* GamesViewModel.swift */,
				C939F9332A24E1ED00B4ED2B /* GamesVC.swift */,
			);
			path = Games;
			sourceTree = "<group>";
		};
		C98420902A24CAA300D8C324 = {
			isa = PBXGroup;
			children = (
				C984209B2A24CAA300D8C324 /* JrAkademiGameProject */,
				C984209A2A24CAA300D8C324 /* Products */,
				2D3246AC23C47F12EB2CE8EA /* Pods */,
				55751257477CB7D9922E9F57 /* Frameworks */,
			);
			sourceTree = "<group>";
		};
		C984209A2A24CAA300D8C324 /* Products */ = {
			isa = PBXGroup;
			children = (
				C98420992A24CAA300D8C324 /* JrAkademiGameProject.app */,
			);
			name = Products;
			sourceTree = "<group>";
		};
		C984209B2A24CAA300D8C324 /* JrAkademiGameProject */ = {
			isa = PBXGroup;
			children = (
				C99BF8272A28BCFF00D061E4 /* Network */,
				C922E19C2A263D5E00650260 /* Screens */,
				C922E19B2A263D5300650260 /* UIComponents */,
				C984209C2A24CAA300D8C324 /* AppDelegate.swift */,
				C984209E2A24CAA300D8C324 /* SceneDelegate.swift */,
				C98420A02A24CAA300D8C324 /* ViewController.swift */,
				C98420A22A24CAA300D8C324 /* Main.storyboard */,
				C98420A82A24CAA400D8C324 /* Assets.xcassets */,
				C98420AA2A24CAA400D8C324 /* LaunchScreen.storyboard */,
				C98420AD2A24CAA400D8C324 /* Info.plist */,
				C98420A52A24CAA300D8C324 /* JrAkademiGameProject.xcdatamodeld */,
				C95742752A2E24FE002119A2 /* CustomAdapter.swift */,
			);
			path = JrAkademiGameProject;
			sourceTree = "<group>";
		};
		C99BF8272A28BCFF00D061E4 /* Network */ = {
			isa = PBXGroup;
			children = (
				C99BF8282A28BEF200D061E4 /* NetworkManager.swift */,
			);
			path = Network;
			sourceTree = "<group>";
		};
		C9FA53172A2FC8CF0026374A /* GameDetails */ = {
			isa = PBXGroup;
			children = (
				C9FA53182A2FCC1B0026374A /* GameDetailsVC.swift */,
				C9FA531A2A2FCC9F0026374A /* GameDetailsViewModel.swift */,
				C9FA531C2A2FCCC70026374A /* GameDetailsModal.swift */,
			);
			path = GameDetails;
			sourceTree = "<group>";
		};
		C9FA531E2A2FDCC30026374A /* DetailsView */ = {
			isa = PBXGroup;
			children = (
				C9FA531F2A2FDCDC0026374A /* ImageWithTitleComponent.swift */,
				C9FA53212A2FDD300026374A /* DescriptionComponent.swift */,
				C9FA53232A2FDD3D0026374A /* OpenUrlComponent.swift */,
			);
			path = DetailsView;
			sourceTree = "<group>";
		};
/* End PBXGroup section */

/* Begin PBXNativeTarget section */
		C98420982A24CAA300D8C324 /* JrAkademiGameProject */ = {
			isa = PBXNativeTarget;
			buildConfigurationList = C98420B02A24CAA400D8C324 /* Build configuration list for PBXNativeTarget "JrAkademiGameProject" */;
			buildPhases = (
				A316D9E3823DCC653F4B19B7 /* [CP] Check Pods Manifest.lock */,
				C98420952A24CAA300D8C324 /* Sources */,
				C98420962A24CAA300D8C324 /* Frameworks */,
				C98420972A24CAA300D8C324 /* Resources */,
				149FFC38D549CAF176EBCDDD /* [CP] Embed Pods Frameworks */,
			);
			buildRules = (
			);
			dependencies = (
			);
			name = JrAkademiGameProject;
			productName = JrAkademiGameProject;
			productReference = C98420992A24CAA300D8C324 /* JrAkademiGameProject.app */;
			productType = "com.apple.product-type.application";
		};
/* End PBXNativeTarget section */

/* Begin PBXProject section */
		C98420912A24CAA300D8C324 /* Project object */ = {
			isa = PBXProject;
			attributes = {
				BuildIndependentTargetsInParallel = 1;
				LastSwiftUpdateCheck = 1420;
				LastUpgradeCheck = 1420;
				TargetAttributes = {
					C98420982A24CAA300D8C324 = {
						CreatedOnToolsVersion = 14.2;
					};
				};
			};
			buildConfigurationList = C98420942A24CAA300D8C324 /* Build configuration list for PBXProject "JrAkademiGameProject" */;
			compatibilityVersion = "Xcode 14.0";
			developmentRegion = en;
			hasScannedForEncodings = 0;
			knownRegions = (
				en,
				Base,
			);
			mainGroup = C98420902A24CAA300D8C324;
			productRefGroup = C984209A2A24CAA300D8C324 /* Products */;
			projectDirPath = "";
			projectRoot = "";
			targets = (
				C98420982A24CAA300D8C324 /* JrAkademiGameProject */,
			);
		};
/* End PBXProject section */

/* Begin PBXResourcesBuildPhase section */
		C98420972A24CAA300D8C324 /* Resources */ = {
			isa = PBXResourcesBuildPhase;
			buildActionMask = 2147483647;
			files = (
				C98420AC2A24CAA400D8C324 /* LaunchScreen.storyboard in Resources */,
				C98420A92A24CAA400D8C324 /* Assets.xcassets in Resources */,
				C98420A42A24CAA300D8C324 /* Main.storyboard in Resources */,
			);
			runOnlyForDeploymentPostprocessing = 0;
		};
/* End PBXResourcesBuildPhase section */

/* Begin PBXShellScriptBuildPhase section */
		149FFC38D549CAF176EBCDDD /* [CP] Embed Pods Frameworks */ = {
			isa = PBXShellScriptBuildPhase;
			buildActionMask = 2147483647;
			files = (
			);
			inputFileListPaths = (
				"${PODS_ROOT}/Target Support Files/Pods-JrAkademiGameProject/Pods-JrAkademiGameProject-frameworks-${CONFIGURATION}-input-files.xcfilelist",
			);
			name = "[CP] Embed Pods Frameworks";
			outputFileListPaths = (
				"${PODS_ROOT}/Target Support Files/Pods-JrAkademiGameProject/Pods-JrAkademiGameProject-frameworks-${CONFIGURATION}-output-files.xcfilelist",
			);
			runOnlyForDeploymentPostprocessing = 0;
			shellPath = /bin/sh;
			shellScript = "\"${PODS_ROOT}/Target Support Files/Pods-JrAkademiGameProject/Pods-JrAkademiGameProject-frameworks.sh\"\n";
			showEnvVarsInLog = 0;
		};
		A316D9E3823DCC653F4B19B7 /* [CP] Check Pods Manifest.lock */ = {
			isa = PBXShellScriptBuildPhase;
			buildActionMask = 2147483647;
			files = (
			);
			inputFileListPaths = (
			);
			inputPaths = (
				"${PODS_PODFILE_DIR_PATH}/Podfile.lock",
				"${PODS_ROOT}/Manifest.lock",
			);
			name = "[CP] Check Pods Manifest.lock";
			outputFileListPaths = (
			);
			outputPaths = (
				"$(DERIVED_FILE_DIR)/Pods-JrAkademiGameProject-checkManifestLockResult.txt",
			);
			runOnlyForDeploymentPostprocessing = 0;
			shellPath = /bin/sh;
			shellScript = "diff \"${PODS_PODFILE_DIR_PATH}/Podfile.lock\" \"${PODS_ROOT}/Manifest.lock\" > /dev/null\nif [ $? != 0 ] ; then\n    # print error to STDERR\n    echo \"error: The sandbox is not in sync with the Podfile.lock. Run 'pod install' or update your CocoaPods installation.\" >&2\n    exit 1\nfi\n# This output is used by Xcode 'outputs' to avoid re-running this script phase.\necho \"SUCCESS\" > \"${SCRIPT_OUTPUT_FILE_0}\"\n";
			showEnvVarsInLog = 0;
		};
/* End PBXShellScriptBuildPhase section */

/* Begin PBXSourcesBuildPhase section */
		C98420952A24CAA300D8C324 /* Sources */ = {
			isa = PBXSourcesBuildPhase;
			buildActionMask = 2147483647;
			files = (
				C95742762A2E24FE002119A2 /* CustomAdapter.swift in Sources */,
				C98420A12A24CAA300D8C324 /* ViewController.swift in Sources */,
				C939F9342A24E1ED00B4ED2B /* GamesVC.swift in Sources */,
				C9FA531D2A2FCCC70026374A /* GameDetailsModal.swift in Sources */,
				C939F9322A24E1C400B4ED2B /* GamesViewModel.swift in Sources */,
				C984209D2A24CAA300D8C324 /* AppDelegate.swift in Sources */,
				C9FA531B2A2FCC9F0026374A /* GameDetailsViewModel.swift in Sources */,
				C9B8A3A52A2A6D4300C89F79 /* LoadingCell.swift in Sources */,
				C98420A72A24CAA300D8C324 /* JrAkademiGameProject.xcdatamodeld in Sources */,
				C99BF8292A28BEF200D061E4 /* NetworkManager.swift in Sources */,
				C939F9302A24E1AF00B4ED2B /* GamesModel.swift in Sources */,
				C984209F2A24CAA300D8C324 /* SceneDelegate.swift in Sources */,
				C9FA53202A2FDCDC0026374A /* ImageWithTitleComponent.swift in Sources */,
				C9FA53242A2FDD3D0026374A /* OpenUrlComponent.swift in Sources */,
				C95742782A2F5F92002119A2 /* NoGameCell.swift in Sources */,
				C9FA53222A2FDD300026374A /* DescriptionComponent.swift in Sources */,
				C92C81422A2539B60049C164 /* GameTableViewCell.swift in Sources */,
				C9FA53192A2FCC1B0026374A /* GameDetailsVC.swift in Sources */,
			);
			runOnlyForDeploymentPostprocessing = 0;
		};
/* End PBXSourcesBuildPhase section */

/* Begin PBXVariantGroup section */
		C98420A22A24CAA300D8C324 /* Main.storyboard */ = {
			isa = PBXVariantGroup;
			children = (
				C98420A32A24CAA300D8C324 /* Base */,
			);
			name = Main.storyboard;
			sourceTree = "<group>";
		};
		C98420AA2A24CAA400D8C324 /* LaunchScreen.storyboard */ = {
			isa = PBXVariantGroup;
			children = (
				C98420AB2A24CAA400D8C324 /* Base */,
			);
			name = LaunchScreen.storyboard;
			sourceTree = "<group>";
		};
/* End PBXVariantGroup section */

/* Begin XCBuildConfiguration section */
		C98420AE2A24CAA400D8C324 /* Debug */ = {
			isa = XCBuildConfiguration;
			buildSettings = {
				ALWAYS_SEARCH_USER_PATHS = NO;
				CLANG_ANALYZER_NONNULL = YES;
				CLANG_ANALYZER_NUMBER_OBJECT_CONVERSION = YES_AGGRESSIVE;
				CLANG_CXX_LANGUAGE_STANDARD = "gnu++20";
				CLANG_ENABLE_MODULES = YES;
				CLANG_ENABLE_OBJC_ARC = YES;
				CLANG_ENABLE_OBJC_WEAK = YES;
				CLANG_WARN_BLOCK_CAPTURE_AUTORELEASING = YES;
				CLANG_WARN_BOOL_CONVERSION = YES;
				CLANG_WARN_COMMA = YES;
				CLANG_WARN_CONSTANT_CONVERSION = YES;
				CLANG_WARN_DEPRECATED_OBJC_IMPLEMENTATIONS = YES;
				CLANG_WARN_DIRECT_OBJC_ISA_USAGE = YES_ERROR;
				CLANG_WARN_DOCUMENTATION_COMMENTS = YES;
				CLANG_WARN_EMPTY_BODY = YES;
				CLANG_WARN_ENUM_CONVERSION = YES;
				CLANG_WARN_INFINITE_RECURSION = YES;
				CLANG_WARN_INT_CONVERSION = YES;
				CLANG_WARN_NON_LITERAL_NULL_CONVERSION = YES;
				CLANG_WARN_OBJC_IMPLICIT_RETAIN_SELF = YES;
				CLANG_WARN_OBJC_LITERAL_CONVERSION = YES;
				CLANG_WARN_OBJC_ROOT_CLASS = YES_ERROR;
				CLANG_WARN_QUOTED_INCLUDE_IN_FRAMEWORK_HEADER = YES;
				CLANG_WARN_RANGE_LOOP_ANALYSIS = YES;
				CLANG_WARN_STRICT_PROTOTYPES = YES;
				CLANG_WARN_SUSPICIOUS_MOVE = YES;
				CLANG_WARN_UNGUARDED_AVAILABILITY = YES_AGGRESSIVE;
				CLANG_WARN_UNREACHABLE_CODE = YES;
				CLANG_WARN__DUPLICATE_METHOD_MATCH = YES;
				COPY_PHASE_STRIP = NO;
				DEBUG_INFORMATION_FORMAT = dwarf;
				ENABLE_STRICT_OBJC_MSGSEND = YES;
				ENABLE_TESTABILITY = YES;
				GCC_C_LANGUAGE_STANDARD = gnu11;
				GCC_DYNAMIC_NO_PIC = NO;
				GCC_NO_COMMON_BLOCKS = YES;
				GCC_OPTIMIZATION_LEVEL = 0;
				GCC_PREPROCESSOR_DEFINITIONS = (
					"DEBUG=1",
					"$(inherited)",
				);
				GCC_WARN_64_TO_32_BIT_CONVERSION = YES;
				GCC_WARN_ABOUT_RETURN_TYPE = YES_ERROR;
				GCC_WARN_UNDECLARED_SELECTOR = YES;
				GCC_WARN_UNINITIALIZED_AUTOS = YES_AGGRESSIVE;
				GCC_WARN_UNUSED_FUNCTION = YES;
				GCC_WARN_UNUSED_VARIABLE = YES;
				IPHONEOS_DEPLOYMENT_TARGET = 16.2;
				MTL_ENABLE_DEBUG_INFO = INCLUDE_SOURCE;
				MTL_FAST_MATH = YES;
				ONLY_ACTIVE_ARCH = YES;
				SDKROOT = iphoneos;
				SWIFT_ACTIVE_COMPILATION_CONDITIONS = DEBUG;
				SWIFT_OPTIMIZATION_LEVEL = "-Onone";
			};
			name = Debug;
		};
		C98420AF2A24CAA400D8C324 /* Release */ = {
			isa = XCBuildConfiguration;
			buildSettings = {
				ALWAYS_SEARCH_USER_PATHS = NO;
				CLANG_ANALYZER_NONNULL = YES;
				CLANG_ANALYZER_NUMBER_OBJECT_CONVERSION = YES_AGGRESSIVE;
				CLANG_CXX_LANGUAGE_STANDARD = "gnu++20";
				CLANG_ENABLE_MODULES = YES;
				CLANG_ENABLE_OBJC_ARC = YES;
				CLANG_ENABLE_OBJC_WEAK = YES;
				CLANG_WARN_BLOCK_CAPTURE_AUTORELEASING = YES;
				CLANG_WARN_BOOL_CONVERSION = YES;
				CLANG_WARN_COMMA = YES;
				CLANG_WARN_CONSTANT_CONVERSION = YES;
				CLANG_WARN_DEPRECATED_OBJC_IMPLEMENTATIONS = YES;
				CLANG_WARN_DIRECT_OBJC_ISA_USAGE = YES_ERROR;
				CLANG_WARN_DOCUMENTATION_COMMENTS = YES;
				CLANG_WARN_EMPTY_BODY = YES;
				CLANG_WARN_ENUM_CONVERSION = YES;
				CLANG_WARN_INFINITE_RECURSION = YES;
				CLANG_WARN_INT_CONVERSION = YES;
				CLANG_WARN_NON_LITERAL_NULL_CONVERSION = YES;
				CLANG_WARN_OBJC_IMPLICIT_RETAIN_SELF = YES;
				CLANG_WARN_OBJC_LITERAL_CONVERSION = YES;
				CLANG_WARN_OBJC_ROOT_CLASS = YES_ERROR;
				CLANG_WARN_QUOTED_INCLUDE_IN_FRAMEWORK_HEADER = YES;
				CLANG_WARN_RANGE_LOOP_ANALYSIS = YES;
				CLANG_WARN_STRICT_PROTOTYPES = YES;
				CLANG_WARN_SUSPICIOUS_MOVE = YES;
				CLANG_WARN_UNGUARDED_AVAILABILITY = YES_AGGRESSIVE;
				CLANG_WARN_UNREACHABLE_CODE = YES;
				CLANG_WARN__DUPLICATE_METHOD_MATCH = YES;
				COPY_PHASE_STRIP = NO;
				DEBUG_INFORMATION_FORMAT = "dwarf-with-dsym";
				ENABLE_NS_ASSERTIONS = NO;
				ENABLE_STRICT_OBJC_MSGSEND = YES;
				GCC_C_LANGUAGE_STANDARD = gnu11;
				GCC_NO_COMMON_BLOCKS = YES;
				GCC_WARN_64_TO_32_BIT_CONVERSION = YES;
				GCC_WARN_ABOUT_RETURN_TYPE = YES_ERROR;
				GCC_WARN_UNDECLARED_SELECTOR = YES;
				GCC_WARN_UNINITIALIZED_AUTOS = YES_AGGRESSIVE;
				GCC_WARN_UNUSED_FUNCTION = YES;
				GCC_WARN_UNUSED_VARIABLE = YES;
				IPHONEOS_DEPLOYMENT_TARGET = 16.2;
				MTL_ENABLE_DEBUG_INFO = NO;
				MTL_FAST_MATH = YES;
				SDKROOT = iphoneos;
				SWIFT_COMPILATION_MODE = wholemodule;
				SWIFT_OPTIMIZATION_LEVEL = "-O";
				VALIDATE_PRODUCT = YES;
			};
			name = Release;
		};
		C98420B12A24CAA400D8C324 /* Debug */ = {
			isa = XCBuildConfiguration;
			baseConfigurationReference = B59F0DC3D13E3E7EEDD49FDD /* Pods-JrAkademiGameProject.debug.xcconfig */;
			buildSettings = {
				ASSETCATALOG_COMPILER_APPICON_NAME = AppIcon;
				ASSETCATALOG_COMPILER_GLOBAL_ACCENT_COLOR_NAME = AccentColor;
				CODE_SIGN_STYLE = Automatic;
				CURRENT_PROJECT_VERSION = 1;
				GENERATE_INFOPLIST_FILE = YES;
				INFOPLIST_FILE = JrAkademiGameProject/Info.plist;
				INFOPLIST_KEY_UIApplicationSupportsIndirectInputEvents = YES;
				INFOPLIST_KEY_UILaunchStoryboardName = LaunchScreen;
				INFOPLIST_KEY_UIMainStoryboardFile = Main;
				INFOPLIST_KEY_UISupportedInterfaceOrientations_iPad = "UIInterfaceOrientationPortrait UIInterfaceOrientationPortraitUpsideDown UIInterfaceOrientationLandscapeLeft UIInterfaceOrientationLandscapeRight";
				INFOPLIST_KEY_UISupportedInterfaceOrientations_iPhone = "UIInterfaceOrientationPortrait UIInterfaceOrientationLandscapeLeft UIInterfaceOrientationLandscapeRight";
				LD_RUNPATH_SEARCH_PATHS = (
					"$(inherited)",
					"@executable_path/Frameworks",
				);
				MARKETING_VERSION = 1.0;
				PRODUCT_BUNDLE_IDENTIFIER = ufuk.JrAkademiGameProject;
				PRODUCT_NAME = "$(TARGET_NAME)";
				SWIFT_EMIT_LOC_STRINGS = YES;
				SWIFT_VERSION = 5.0;
				TARGETED_DEVICE_FAMILY = "1,2";
			};
			name = Debug;
		};
		C98420B22A24CAA400D8C324 /* Release */ = {
			isa = XCBuildConfiguration;
			baseConfigurationReference = 84A58B956DF3E751EA1C06C0 /* Pods-JrAkademiGameProject.release.xcconfig */;
			buildSettings = {
				ASSETCATALOG_COMPILER_APPICON_NAME = AppIcon;
				ASSETCATALOG_COMPILER_GLOBAL_ACCENT_COLOR_NAME = AccentColor;
				CODE_SIGN_STYLE = Automatic;
				CURRENT_PROJECT_VERSION = 1;
				GENERATE_INFOPLIST_FILE = YES;
				INFOPLIST_FILE = JrAkademiGameProject/Info.plist;
				INFOPLIST_KEY_UIApplicationSupportsIndirectInputEvents = YES;
				INFOPLIST_KEY_UILaunchStoryboardName = LaunchScreen;
				INFOPLIST_KEY_UIMainStoryboardFile = Main;
				INFOPLIST_KEY_UISupportedInterfaceOrientations_iPad = "UIInterfaceOrientationPortrait UIInterfaceOrientationPortraitUpsideDown UIInterfaceOrientationLandscapeLeft UIInterfaceOrientationLandscapeRight";
				INFOPLIST_KEY_UISupportedInterfaceOrientations_iPhone = "UIInterfaceOrientationPortrait UIInterfaceOrientationLandscapeLeft UIInterfaceOrientationLandscapeRight";
				LD_RUNPATH_SEARCH_PATHS = (
					"$(inherited)",
					"@executable_path/Frameworks",
				);
				MARKETING_VERSION = 1.0;
				PRODUCT_BUNDLE_IDENTIFIER = ufuk.JrAkademiGameProject;
				PRODUCT_NAME = "$(TARGET_NAME)";
				SWIFT_EMIT_LOC_STRINGS = YES;
				SWIFT_VERSION = 5.0;
				TARGETED_DEVICE_FAMILY = "1,2";
			};
			name = Release;
		};
/* End XCBuildConfiguration section */

/* Begin XCConfigurationList section */
		C98420942A24CAA300D8C324 /* Build configuration list for PBXProject "JrAkademiGameProject" */ = {
			isa = XCConfigurationList;
			buildConfigurations = (
				C98420AE2A24CAA400D8C324 /* Debug */,
				C98420AF2A24CAA400D8C324 /* Release */,
			);
			defaultConfigurationIsVisible = 0;
			defaultConfigurationName = Release;
		};
		C98420B02A24CAA400D8C324 /* Build configuration list for PBXNativeTarget "JrAkademiGameProject" */ = {
			isa = XCConfigurationList;
			buildConfigurations = (
				C98420B12A24CAA400D8C324 /* Debug */,
				C98420B22A24CAA400D8C324 /* Release */,
			);
			defaultConfigurationIsVisible = 0;
			defaultConfigurationName = Release;
		};
/* End XCConfigurationList section */

/* Begin XCVersionGroup section */
		C98420A52A24CAA300D8C324 /* JrAkademiGameProject.xcdatamodeld */ = {
			isa = XCVersionGroup;
			children = (
				C98420A62A24CAA300D8C324 /* JrAkademiGameProject.xcdatamodel */,
			);
			currentVersion = C98420A62A24CAA300D8C324 /* JrAkademiGameProject.xcdatamodel */;
			path = JrAkademiGameProject.xcdatamodeld;
			sourceTree = "<group>";
			versionGroupType = wrapper.xcdatamodel;
		};
/* End XCVersionGroup section */
	};
	rootObject = C98420912A24CAA300D8C324 /* Project object */;
}
